
Microsoft Visual Studio Solution File, Format Version 12.00
# Visual Studio Version 17
VisualStudioVersion = 17.7.34031.279
MinimumVisualStudioVersion = 10.0.40219.1
Project("{FAE04EC0-301F-11D3-BF4B-00C04F79EFBC}") = "Clase5_1", "Clase5_1\Clase5_1.csproj", "{14A45EB5-4BFE-4C91-864B-FB79A95920A7}"
EndProject
Global
	GlobalSection(SolutionConfigurationPlatforms) = preSolution
		Debug|Any CPU = Debug|Any CPU
		Release|Any CPU = Release|Any CPU
	EndGlobalSection
	GlobalSection(ProjectConfigurationPlatforms) = postSolution
		{14A45EB5-4BFE-4C91-864B-FB79A95920A7}.Debug|Any CPU.ActiveCfg = Debug|Any CPU
		{14A45EB5-4BFE-4C91-864B-FB79A95920A7}.Debug|Any CPU.Build.0 = Debug|Any CPU
		{14A45EB5-4BFE-4C91-864B-FB79A95920A7}.Release|Any CPU.ActiveCfg = Release|Any CPU
		{14A45EB5-4BFE-4C91-864B-FB79A95920A7}.Release|Any CPU.Build.0 = Release|Any CPU
	EndGlobalSection
	GlobalSection(SolutionProperties) = preSolution
		HideSolutionNode = FALSE
	EndGlobalSection
	GlobalSection(ExtensibilityGlobals) = postSolution
		SolutionGuid = {25D9E340-9F5A-4C83-B47C-1752961173F0}
	EndGlobalSection
EndGlobal
